{
  "name": "rtc-signaling-server",
  "version": "1.0.0",
  "lockfileVersion": 3,
  "requires": true,
  "packages": {
    "": {
      "name": "rtc-signaling-server",
      "version": "1.0.0",
      "dependencies": {
        "livekit-server-sdk": "2.19.1",
        "ws": "8.22.0"
      },
      "engines": {
        "node": ">=24"
      }
    },
    "node_modules/@bufbuild/protobuf": {
      "version": "1.10.1",
      "resolved": "https://registry.npmjs.org/@bufbuild/protobuf/-/protobuf-1.10.1.tgz",
      "integrity": "sha512-wJ8ReQbHxsAfXhrf9ixl0aYbZorRuOWpBNzm8pL8ftmSxQx/wnJD5Eg861NwJU/czy2VXFIebCeZnZrI9rktIQ==",
      "license": "(Apache-2.0 AND BSD-3-Clause)"
    },
    "node_modules/@livekit/protocol": {
      "version": "1.51.0",
      "resolved": "https://registry.npmjs.org/@livekit/protocol/-/protocol-1.51.0.tgz",
      "integrity": "sha512-kEDEDaFvIcp5VlYBromdSKMJMEJKfPvXPfEaJPdEz1Qgo84gZAoLF2g58CcMlVYGsjrwE5XYgQxRS5B7KuEj3w==",
      "license": "Apache-2.0",
      "dependencies": {
        "@bufbuild/protobuf": "^1.10.0"
      }
    },
    "node_modules/jose": {
      "version": "5.10.0",
      "resolved": "https://registry.npmjs.org/jose/-/jose-5.10.0.tgz",
      "integrity": "sha512-s+3Al/p9g32Iq+oqXxkW//7jk2Vig6FF1CFqzVXoTUXt2qz89YWbL+OwS17NFYEvxC35n0FKeGO2LGYSxeM2Gg==",
      "license": "MIT",
      "funding": {
        "url": "https://github.com/sponsors/panva"
      }
    },
    "node_modules/livekit-server-sdk": {
      "version": "2.19.1",
      "resolved": "https://registry.npmjs.org/livekit-server-sdk/-/livekit-server-sdk-2.19.1.tgz",
      "integrity": "sha512-tqjM5oPDDNBrkb/64YReta9UWP32l1a2m0HHXq8WOuEzwxh4zsaXjeZZtPG4Er4eVAk4kjR+EMxH7lPKzg1g6g==",
      "license": "Apache-2.0",
      "dependencies": {
        "@bufbuild/protobuf": "^1.10.1",
        "@livekit/protocol": "1.51.0",
        "jose": "^5.1.2"
      },
      "engines": {
        "node": ">=19"
      }
    },
    "node_modules/ws": {
      "version": "8.22.0",
      "resolved": "https://registry.npmjs.org/ws/-/ws-8.22.0.tgz",
      "integrity": "sha512-Ydggc987+RO0AnWtZ/7Wq9FtNvcrL1b/RO0ud9mWjUPgDrsAAwQSF51sm2hm1XofbU/4jkpGEsLFsZZxU+1DOg==",
      "license": "MIT",
      "engines": {
        "node": ">=10.0.0"
      },
      "peerDependencies": {
        "bufferutil": "^4.0.1",
        "utf-8-validate": ">=5.0.2"
      },
      "peerDependenciesMeta": {
        "bufferutil": {
          "optional": true
        },
        "utf-8-validate": {
          "optional": true
        }
      }
    }
  }
}
